<?xml version="1.0" encoding="utf-8"?>
<Project ToolsVersion="4.0" xmlns="http://schemas.microsoft.com/developer/msbuild/2003">
  <ItemGroup>
    <ClCompile Include="..\..\Source\main.cpp" />
    <ClCompile Include="..\..\Source\Common.cpp">
      <Filter>Tools</Filter>
    </ClCompile>
    <ClCompile Include="..\..\Source\tiny_obj_loader.cpp">
      <Filter>Tools</Filter>
    </ClCompile>
    <ClCompile Include="..\..\Source\ViewManager.cpp">
      <Filter>Tools</Filter>
    </ClCompile>
  </ItemGroup>
  <ItemGroup>
    <None Include="..\..\Assets\vertex.vs.glsl">
      <Filter>Shaders</Filter>
    </None>
    <None Include="..\..\Assets\fragment.fs.glsl">
      <Filter>Shaders</Filter>
    </None>
  </ItemGroup>
  <ItemGroup>
    <Filter Include="Tools">
      <UniqueIdentifier>{40420601-ce55-42fe-8956-449cad079eda}</UniqueIdentifier>
    </Filter>
    <Filter Include="Shaders">
      <UniqueIdentifier>{2b08be44-1bf4-4d9e-a7f1-a4b43505db29}</UniqueIdentifier>
    </Filter>
  </ItemGroup>
</Project>