<?xml version="1.0" encoding="utf-8"?>
<Project ToolsVersion="4.0" xmlns="http://schemas.microsoft.com/developer/msbuild/2003">
  <ItemGroup>
    <Filter Include="原始程式檔">
      <UniqueIdentifier>{4FC737F1-C7A5-4376-A066-2A32D752A2FF}</UniqueIdentifier>
      <Extensions>cpp;c;cc;cxx;def;odl;idl;hpj;bat;asm;asmx</Extensions>
    </Filter>
    <Filter Include="標頭檔">
      <UniqueIdentifier>{93995380-89BD-4b04-88EB-625FBE52EBFB}</UniqueIdentifier>
      <Extensions>h;hh;hpp;hxx;hm;inl;inc;xsd</Extensions>
    </Filter>
    <Filter Include="資源檔">
      <UniqueIdentifier>{67DA6AB6-F800-4c08-8B7A-83BB121AAD01}</UniqueIdentifier>
      <Extensions>rc;ico;cur;bmp;dlg;rc2;rct;bin;rgs;gif;jpg;jpeg;jpe;resx;tiff;tif;png;wav;mfcribbon-ms</Extensions>
    </Filter>
    <Filter Include="Tools">
      <UniqueIdentifier>{9163c286-941c-4f19-b2cb-6d77ff013ece}</UniqueIdentifier>
    </Filter>
    <Filter Include="Shaders">
      <UniqueIdentifier>{786482b4-c7ff-45ae-ac8c-9b3cfe2fffce}</UniqueIdentifier>
    </Filter>
  </ItemGroup>
  <ItemGroup>
    <ClCompile Include="..\..\Source\Common.cpp">
      <Filter>Tools</Filter>
    </ClCompile>
    <ClCompile Include="..\..\Source\tiny_obj_loader.cpp">
      <Filter>Tools</Filter>
    </ClCompile>
    <ClCompile Include="..\..\Source\ViewManager.cpp">
      <Filter>Tools</Filter>
    </ClCompile>
    <ClCompile Include="..\..\Source\TextureParameterization\MeshObject.cpp">
      <Filter>原始程式檔</Filter>
    </ClCompile>
    <ClCompile Include="..\..\Source\TextureParameterization\PickingTexture.cpp">
      <Filter>原始程式檔</Filter>
    </ClCompile>
    <ClCompile Include="..\..\Source\TextureParameterization\PickingShader.cpp">
      <Filter>原始程式檔</Filter>
    </ClCompile>
    <ClCompile Include="..\..\Source\TextureParameterization\OpenMesh.cpp">
      <Filter>原始程式檔</Filter>
    </ClCompile>
    <ClCompile Include="..\..\Source\TextureParameterization\DrawModelShader.cpp">
      <Filter>原始程式檔</Filter>
    </ClCompile>
    <ClCompile Include="..\..\Source\TextureParameterization\DrawPickingFaceShader.cpp">
      <Filter>原始程式檔</Filter>
    </ClCompile>
    <ClCompile Include="..\..\Source\ShaderObject.cpp">
      <Filter>Tools</Filter>
    </ClCompile>
    <ClCompile Include="..\..\Source\ResourcePath.cpp">
      <Filter>Tools</Filter>
    </ClCompile>
    <ClCompile Include="..\..\Source\TextureParameterization\TextureParameterization.cpp">
      <Filter>原始程式檔</Filter>
    </ClCompile>
    <ClCompile Include="..\..\Source\TextureParameterization\DrawPointShader.cpp">
      <Filter>原始程式檔</Filter>
    </ClCompile>
  </ItemGroup>
  <ItemGroup>
    <ClInclude Include="..\..\Source\TextureParameterization\MeshObject.h">
      <Filter>標頭檔</Filter>
    </ClInclude>
    <ClInclude Include="..\..\Source\TextureParameterization\OpenMesh.h">
      <Filter>標頭檔</Filter>
    </ClInclude>
    <ClInclude Include="..\..\Source\TextureParameterization\PickingTexture.h">
      <Filter>標頭檔</Filter>
    </ClInclude>
    <ClInclude Include="..\..\Source\TextureParameterization\PickingShader.h">
      <Filter>標頭檔</Filter>
    </ClInclude>
    <ClInclude Include="..\..\Source\TextureParameterization\DrawModelShader.h">
      <Filter>標頭檔</Filter>
    </ClInclude>
    <ClInclude Include="..\..\Source\TextureParameterization\DrawPickingFaceShader.h">
      <Filter>標頭檔</Filter>
    </ClInclude>
    <ClInclude Include="..\..\Source\TextureParameterization\DrawPointShader.h">
      <Filter>標頭檔</Filter>
    </ClInclude>
  </ItemGroup>
  <ItemGroup>
    <None Include="..\..\Assets\Shader\TextureParameterization\drawModel.fs.glsl">
      <Filter>Shaders</Filter>
    </None>
    <None Include="..\..\Assets\Shader\TextureParameterization\drawModel.gs.glsl">
      <Filter>Shaders</Filter>
    </None>
    <None Include="..\..\Assets\Shader\TextureParameterization\drawModel.vs.glsl">
      <Filter>Shaders</Filter>
    </None>
    <None Include="..\..\Assets\Shader\TextureParameterization\picking.fs.glsl">
      <Filter>Shaders</Filter>
    </None>
    <None Include="..\..\Assets\Shader\TextureParameterization\picking.vs.glsl">
      <Filter>Shaders</Filter>
    </None>
    <None Include="..\..\Assets\Shader\TextureParameterization\drawPickingFace.fs.glsl">
      <Filter>Shaders</Filter>
    </None>
    <None Include="..\..\Assets\Shader\TextureParameterization\drawPickingFace.vs.glsl">
      <Filter>Shaders</Filter>
    </None>
    <None Include="..\..\Assets\Shader\TextureParameterization\drawPickingFace.gs.glsl">
      <Filter>Shaders</Filter>
    </None>
  </ItemGroup>
</Project>